
Microsoft Visual Studio Solution File, Format Version 12.00
# Visual Studio Version 17
VisualStudioVersion = 17.5.002.0
MinimumVisualStudioVersion = 10.0.40219.1
Project("{9A19103F-16F7-4668-BE54-9A1E7A4F7556}") = "mit-projekt", "mit-projekt.csproj", "{BD9A4360-CA75-495E-A25F-B0D479E2D171}"
EndProject
Global
	GlobalSection(SolutionConfigurationPlatforms) = preSolution
		Debug|Any CPU = Debug|Any CPU
		Release|Any CPU = Release|Any CPU
	EndGlobalSection
	GlobalSection(ProjectConfigurationPlatforms) = postSolution
		{BD9A4360-CA75-495E-A25F-B0D479E2D171}.Debug|Any CPU.ActiveCfg = Debug|Any CPU
		{BD9A4360-CA75-495E-A25F-B0D479E2D171}.Debug|Any CPU.Build.0 = Debug|Any CPU
		{BD9A4360-CA75-495E-A25F-B0D479E2D171}.Release|Any CPU.ActiveCfg = Release|Any CPU
		{BD9A4360-CA75-495E-A25F-B0D479E2D171}.Release|Any CPU.Build.0 = Release|Any CPU
	EndGlobalSection
	GlobalSection(SolutionProperties) = preSolution
		HideSolutionNode = FALSE
	EndGlobalSection
	GlobalSection(ExtensibilityGlobals) = postSolution
		SolutionGuid = {D0AAC884-ABF6-45BA-AA17-0FA8B495F0E1}
	EndGlobalSection
EndGlobal
